
Microsoft Visual Studio Solution File, Format Version 12.00
# Visual Studio Version 17
VisualStudioVersion = 17.6.33815.320
MinimumVisualStudioVersion = 10.0.40219.1
Project("{FAE04EC0-301F-11D3-BF4B-00C04F79EFBC}") = "Traffic", "Traffic.csproj", "{82899A12-2388-4381-B8A9-213C520AC54D}"
EndProject
Global
	GlobalSection(SolutionConfigurationPlatforms) = preSolution
		Debug|Any CPU = Debug|Any CPU
		Release|Any CPU = Release|Any CPU
	EndGlobalSection
	GlobalSection(ProjectConfigurationPlatforms) = postSolution
		{82899A12-2388-4381-B8A9-213C520AC54D}.Debug|Any CPU.ActiveCfg = Debug|Any CPU
		{82899A12-2388-4381-B8A9-213C520AC54D}.Debug|Any CPU.Build.0 = Debug|Any CPU
		{82899A12-2388-4381-B8A9-213C520AC54D}.Release|Any CPU.ActiveCfg = Release|Any CPU
		{82899A12-2388-4381-B8A9-213C520AC54D}.Release|Any CPU.Build.0 = Release|Any CPU
	EndGlobalSection
	GlobalSection(SolutionProperties) = preSolution
		HideSolutionNode = FALSE
	EndGlobalSection
	GlobalSection(ExtensibilityGlobals) = postSolution
		SolutionGuid = {D5BAC5FA-C9B6-4439-BB2E-B414792EE1C3}
	EndGlobalSection
EndGlobal
