
Microsoft Visual Studio Solution File, Format Version 12.00
# Visual Studio Version 17
VisualStudioVersion = 17.6.33815.320
MinimumVisualStudioVersion = 10.0.40219.1
Project("{FAE04EC0-301F-11D3-BF4B-00C04F79EFBC}") = "favHobbies", "favHobbies.csproj", "{CFB377A8-FA7C-4B76-ABFC-375563FBE810}"
EndProject
Global
	GlobalSection(SolutionConfigurationPlatforms) = preSolution
		Debug|Any CPU = Debug|Any CPU
		Release|Any CPU = Release|Any CPU
	EndGlobalSection
	GlobalSection(ProjectConfigurationPlatforms) = postSolution
		{CFB377A8-FA7C-4B76-ABFC-375563FBE810}.Debug|Any CPU.ActiveCfg = Debug|Any CPU
		{CFB377A8-FA7C-4B76-ABFC-375563FBE810}.Debug|Any CPU.Build.0 = Debug|Any CPU
		{CFB377A8-FA7C-4B76-ABFC-375563FBE810}.Release|Any CPU.ActiveCfg = Release|Any CPU
		{CFB377A8-FA7C-4B76-ABFC-375563FBE810}.Release|Any CPU.Build.0 = Release|Any CPU
	EndGlobalSection
	GlobalSection(SolutionProperties) = preSolution
		HideSolutionNode = FALSE
	EndGlobalSection
	GlobalSection(ExtensibilityGlobals) = postSolution
		SolutionGuid = {5720B8D6-65D2-4EE5-8D21-5C0E8C0978A0}
	EndGlobalSection
EndGlobal
