
Microsoft Visual Studio Solution File, Format Version 12.00
# Visual Studio Version 17
VisualStudioVersion = 17.6.33815.320
MinimumVisualStudioVersion = 10.0.40219.1
Project("{FAE04EC0-301F-11D3-BF4B-00C04F79EFBC}") = "CourseLib", "CourseLib.csproj", "{5768863D-A873-48B8-B128-39ACC3E2BE34}"
EndProject
Global
	GlobalSection(SolutionConfigurationPlatforms) = preSolution
		Debug|Any CPU = Debug|Any CPU
		Release|Any CPU = Release|Any CPU
	EndGlobalSection
	GlobalSection(ProjectConfigurationPlatforms) = postSolution
		{5768863D-A873-48B8-B128-39ACC3E2BE34}.Debug|Any CPU.ActiveCfg = Debug|Any CPU
		{5768863D-A873-48B8-B128-39ACC3E2BE34}.Debug|Any CPU.Build.0 = Debug|Any CPU
		{5768863D-A873-48B8-B128-39ACC3E2BE34}.Release|Any CPU.ActiveCfg = Release|Any CPU
		{5768863D-A873-48B8-B128-39ACC3E2BE34}.Release|Any CPU.Build.0 = Release|Any CPU
	EndGlobalSection
	GlobalSection(SolutionProperties) = preSolution
		HideSolutionNode = FALSE
	EndGlobalSection
	GlobalSection(ExtensibilityGlobals) = postSolution
		SolutionGuid = {1CC37058-422C-45D7-9458-C98F31A593DB}
	EndGlobalSection
EndGlobal
