
Microsoft Visual Studio Solution File, Format Version 12.00
# Visual Studio Version 17
VisualStudioVersion = 17.6.33815.320
MinimumVisualStudioVersion = 10.0.40219.1
Project("{FAE04EC0-301F-11D3-BF4B-00C04F79EFBC}") = "GifFinder", "GifFinder.csproj", "{6DDD73A1-2F44-46C1-81EA-501033CEF35C}"
EndProject
Global
	GlobalSection(SolutionConfigurationPlatforms) = preSolution
		Debug|Any CPU = Debug|Any CPU
		Release|Any CPU = Release|Any CPU
	EndGlobalSection
	GlobalSection(ProjectConfigurationPlatforms) = postSolution
		{6DDD73A1-2F44-46C1-81EA-501033CEF35C}.Debug|Any CPU.ActiveCfg = Debug|Any CPU
		{6DDD73A1-2F44-46C1-81EA-501033CEF35C}.Debug|Any CPU.Build.0 = Debug|Any CPU
		{6DDD73A1-2F44-46C1-81EA-501033CEF35C}.Release|Any CPU.ActiveCfg = Release|Any CPU
		{6DDD73A1-2F44-46C1-81EA-501033CEF35C}.Release|Any CPU.Build.0 = Release|Any CPU
	EndGlobalSection
	GlobalSection(SolutionProperties) = preSolution
		HideSolutionNode = FALSE
	EndGlobalSection
	GlobalSection(ExtensibilityGlobals) = postSolution
		SolutionGuid = {CD5D37CE-E646-47B8-B744-D1E0B4C2EDD6}
	EndGlobalSection
EndGlobal
