
Microsoft Visual Studio Solution File, Format Version 12.00
# Visual Studio Version 17
VisualStudioVersion = 17.6.33815.320
MinimumVisualStudioVersion = 10.0.40219.1
Project("{FAE04EC0-301F-11D3-BF4B-00C04F79EFBC}") = "AdjacencyMatrix", "AdjacencyMatrix.csproj", "{C1192736-E220-4F02-AB29-248947716861}"
EndProject
Global
	GlobalSection(SolutionConfigurationPlatforms) = preSolution
		Debug|Any CPU = Debug|Any CPU
		Release|Any CPU = Release|Any CPU
	EndGlobalSection
	GlobalSection(ProjectConfigurationPlatforms) = postSolution
		{C1192736-E220-4F02-AB29-248947716861}.Debug|Any CPU.ActiveCfg = Debug|Any CPU
		{C1192736-E220-4F02-AB29-248947716861}.Debug|Any CPU.Build.0 = Debug|Any CPU
		{C1192736-E220-4F02-AB29-248947716861}.Release|Any CPU.ActiveCfg = Release|Any CPU
		{C1192736-E220-4F02-AB29-248947716861}.Release|Any CPU.Build.0 = Release|Any CPU
	EndGlobalSection
	GlobalSection(SolutionProperties) = preSolution
		HideSolutionNode = FALSE
	EndGlobalSection
	GlobalSection(ExtensibilityGlobals) = postSolution
		SolutionGuid = {5FCD03A0-2288-4941-A819-C15E00E0578D}
	EndGlobalSection
EndGlobal
