
Microsoft Visual Studio Solution File, Format Version 12.00
# Visual Studio Version 17
VisualStudioVersion = 17.6.33815.320
MinimumVisualStudioVersion = 10.0.40219.1
Project("{FAE04EC0-301F-11D3-BF4B-00C04F79EFBC}") = "PE6-ParsingAndFormattingPorter", "PE6-ParsingAndFormattingPorter.csproj", "{B55EBB4C-FC51-4DEE-A3AD-C4479D6A0320}"
EndProject
Global
	GlobalSection(SolutionConfigurationPlatforms) = preSolution
		Debug|Any CPU = Debug|Any CPU
		Release|Any CPU = Release|Any CPU
	EndGlobalSection
	GlobalSection(ProjectConfigurationPlatforms) = postSolution
		{B55EBB4C-FC51-4DEE-A3AD-C4479D6A0320}.Debug|Any CPU.ActiveCfg = Debug|Any CPU
		{B55EBB4C-FC51-4DEE-A3AD-C4479D6A0320}.Debug|Any CPU.Build.0 = Debug|Any CPU
		{B55EBB4C-FC51-4DEE-A3AD-C4479D6A0320}.Release|Any CPU.ActiveCfg = Release|Any CPU
		{B55EBB4C-FC51-4DEE-A3AD-C4479D6A0320}.Release|Any CPU.Build.0 = Release|Any CPU
	EndGlobalSection
	GlobalSection(SolutionProperties) = preSolution
		HideSolutionNode = FALSE
	EndGlobalSection
	GlobalSection(ExtensibilityGlobals) = postSolution
		SolutionGuid = {4E86E0B8-436F-4ED4-8BE6-234911E001B8}
	EndGlobalSection
EndGlobal
